// !$*UTF8*$!
{
	archiveVersion = 1;
	classes = {
	};
	objectVersion = 46;
	objects = {

/* Begin PBXBuildFile section */
		8CA4B2A11C8E8D1B0049FF1B /* AppDelegate.swift in Sources */ = {isa = PBXBuildFile; fileRef = 8CA4B2A01C8E8D1B0049FF1B /* AppDelegate.swift */; };
		8CA4B2A31C8E8D1B0049FF1B /* ViewController.swift in Sources */ = {isa = PBXBuildFile; fileRef = 8CA4B2A21C8E8D1B0049FF1B /* ViewController.swift */; };
		8CA4B2A61C8E8D1B0049FF1B /* Main.storyboard in Resources */ = {isa = PBXBuildFile; fileRef = 8CA4B2A41C8E8D1B0049FF1B /* Main.storyboard */; };
		8CA4B2A81C8E8D1B0049FF1B /* Assets.xcassets in Resources */ = {isa = PBXBuildFile; fileRef = 8CA4B2A71C8E8D1B0049FF1B /* Assets.xcassets */; };
		8CA4B2AB1C8E8D1B0049FF1B /* LaunchScreen.storyboard in Resources */ = {isa = PBXBuildFile; fileRef = 8CA4B2A91C8E8D1B0049FF1B /* LaunchScreen.storyboard */; };
		8CA4B2B61C8E8D1B0049FF1B /* TravisSSLTestTests.swift in Sources */ = {isa = PBXBuildFile; fileRef = 8CA4B2B51C8E8D1B0049FF1B /* TravisSSLTestTests.swift */; };
/* End PBXBuildFile section */

/* Begin PBXContainerItemProxy section */
		8CA4B2B21C8E8D1B0049FF1B /* PBXContainerItemProxy */ = {
			isa = PBXContainerItemProxy;
			containerPortal = 8CA4B2951C8E8D1B0049FF1B /* Project object */;
			proxyType = 1;
			remoteGlobalIDString = 8CA4B29C1C8E8D1B0049FF1B;
			remoteInfo = TravisSSLTest;
		};
/* End PBXContainerItemProxy section */

/* Begin PBXFileReference section */
		8CA4B29D1C8E8D1B0049FF1B /* TravisSSLTest.app */ = {isa = PBXFileReference; explicitFileType = wrapper.application; includeInIndex = 0; path = TravisSSLTest.app; sourceTree = BUILT_PRODUCTS_DIR; };
		8CA4B2A01C8E8D1B0049FF1B /* AppDelegate.swift */ = {isa = PBXFileReference; lastKnownFileType = sourcecode.swift; path = AppDelegate.swift; sourceTree = "<group>"; };
		8CA4B2A21C8E8D1B0049FF1B /* ViewController.swift */ = {isa = PBXFileReference; lastKnownFileType = sourcecode.swift; path = ViewController.swift; sourceTree = "<group>"; };
		8CA4B2A51C8E8D1B0049FF1B /* Base */ = {isa = PBXFileReference; lastKnownFileType = file.storyboard; name = Base; path = Base.lproj/Main.storyboard; sourceTree = "<group>"; };
		8CA4B2A71C8E8D1B0049FF1B /* Assets.xcassets */ = {isa = PBXFileReference; lastKnownFileType = folder.assetcatalog; path = Assets.xcassets; sourceTree = "<group>"; };
		8CA4B2AA1C8E8D1B0049FF1B /* Base */ = {isa = PBXFileReference; lastKnownFileType = file.storyboard; name = Base; path = Base.lproj/LaunchScreen.storyboard; sourceTree = "<group>"; };
		8CA4B2AC1C8E8D1B0049FF1B /* Info.plist */ = {isa = PBXFileReference; lastKnownFileType = text.plist.xml; path = Info.plist; sourceTree = "<group>"; };
		8CA4B2B11C8E8D1B0049FF1B /* TravisSSLTestTests.xctest */ = {isa = PBXFileReference; explicitFileType = wrapper.cfbundle; includeInIndex = 0; path = TravisSSLTestTests.xctest; sourceTree = BUILT_PRODUCTS_DIR; };
		8CA4B2B51C8E8D1B0049FF1B /* TravisSSLTestTests.swift */ = {isa = PBXFileReference; lastKnownFileType = sourcecode.swift; path = TravisSSLTestTests.swift; sourceTree = "<group>"; };
		8CA4B2B71C8E8D1B0049FF1B /* Info.plist */ = {isa = PBXFileReference; lastKnownFileType = text.plist.xml; path = Info.plist; sourceTree = "<group>"; };
/* End PBXFileReference section */

/* Begin PBXFrameworksBuildPhase section */
		8CA4B29A1C8E8D1B0049FF1B /* Frameworks */ = {
			isa = PBXFrameworksBuildPhase;
			buildActionMask = 2147483647;
			files = (
			);
			runOnlyForDeploymentPostprocessing = 0;
		};
		8CA4B2AE1C8E8D1B0049FF1B /* Frameworks */ = {
			isa = PBXFrameworksBuildPhase;
			buildActionMask = 2147483647;
			files = (
			);
			runOnlyForDeploymentPostprocessing = 0;
		};
/* End PBXFrameworksBuildPhase section */

/* Begin PBXGroup section */
		8CA4B2941C8E8D1B0049FF1B = {
			isa = PBXGroup;
			children = (
				8CA4B29F1C8E8D1B0049FF1B /* TravisSSLTest */,
				8CA4B2B41C8E8D1B0049FF1B /* TravisSSLTestTests */,
				8CA4B29E1C8E8D1B0049FF1B /* Products */,
			);
			sourceTree = "<group>";
		};
		8CA4B29E1C8E8D1B0049FF1B /* Products */ = {
			isa = PBXGroup;
			children = (
				8CA4B29D1C8E8D1B0049FF1B /* TravisSSLTest.app */,
				8CA4B2B11C8E8D1B0049FF1B /* TravisSSLTestTests.xctest */,
			);
			name = Products;
			sourceTree = "<group>";
		};
		8CA4B29F1C8E8D1B0049FF1B /* TravisSSLTest */ = {
			isa = PBXGroup;
			children = (
				8CA4B2A01C8E8D1B0049FF1B /* AppDelegate.swift */,
				8CA4B2A21C8E8D1B0049FF1B /* ViewController.swift */,
				8CA4B2A41C8E8D1B0049FF1B /* Main.storyboard */,
				8CA4B2A71C8E8D1B0049FF1B /* Assets.xcassets */,
				8CA4B2A91C8E8D1B0049FF1B /* LaunchScreen.storyboard */,
				8CA4B2AC1C8E8D1B0049FF1B /* Info.plist */,
			);
			path = TravisSSLTest;
			sourceTree = "<group>";
		};
		8CA4B2B41C8E8D1B0049FF1B /* TravisSSLTestTests */ = {
			isa = PBXGroup;
			children = (
				8CA4B2B51C8E8D1B0049FF1B /* TravisSSLTestTests.swift */,
				8CA4B2B71C8E8D1B0049FF1B /* Info.plist */,
			);
			path = TravisSSLTestTests;
			sourceTree = "<group>";
		};
/* End PBXGroup section */

/* Begin PBXNativeTarget section */
		8CA4B29C1C8E8D1B0049FF1B /* TravisSSLTest */ = {
			isa = PBXNativeTarget;
			buildConfigurationList = 8CA4B2BA1C8E8D1B0049FF1B /* Build configuration list for PBXNativeTarget "TravisSSLTest" */;
			buildPhases = (
				8CA4B2991C8E8D1B0049FF1B /* Sources */,
				8CA4B29A1C8E8D1B0049FF1B /* Frameworks */,
				8CA4B29B1C8E8D1B0049FF1B /* Resources */,
			);
			buildRules = (
			);
			dependencies = (
			);
			name = TravisSSLTest;
			productName = TravisSSLTest;
			productReference = 8CA4B29D1C8E8D1B0049FF1B /* TravisSSLTest.app */;
			productType = "com.apple.product-type.application";
		};
		8CA4B2B01C8E8D1B0049FF1B /* TravisSSLTestTests */ = {
			isa = PBXNativeTarget;
			buildConfigurationList = 8CA4B2BD1C8E8D1B0049FF1B /* Build configuration list for PBXNativeTarget "TravisSSLTestTests" */;
			buildPhases = (
				8CA4B2AD1C8E8D1B0049FF1B /* Sources */,
				8CA4B2AE1C8E8D1B0049FF1B /* Frameworks */,
				8CA4B2AF1C8E8D1B0049FF1B /* Resources */,
			);
			buildRules = (
			);
			dependencies = (
				8CA4B2B31C8E8D1B0049FF1B /* PBXTargetDependency */,
			);
			name = TravisSSLTestTests;
			productName = TravisSSLTestTests;
			productReference = 8CA4B2B11C8E8D1B0049FF1B /* TravisSSLTestTests.xctest */;
			productType = "com.apple.product-type.bundle.unit-test";
		};
/* End PBXNativeTarget section */

/* Begin PBXProject section */
		8CA4B2951C8E8D1B0049FF1B /* Project object */ = {
			isa = PBXProject;
			attributes = {
				LastSwiftUpdateCheck = 0720;
				LastUpgradeCheck = 0720;
				ORGANIZATIONNAME = "Dominic Jodoin";
				TargetAttributes = {
					8CA4B29C1C8E8D1B0049FF1B = {
						CreatedOnToolsVersion = 7.2;
						DevelopmentTeam = 95WAR6BQ6H;
					};
					8CA4B2B01C8E8D1B0049FF1B = {
						CreatedOnToolsVersion = 7.2;
						DevelopmentTeam = 95WAR6BQ6H;
						TestTargetID = 8CA4B29C1C8E8D1B0049FF1B;
					};
				};
			};
			buildConfigurationList = 8CA4B2981C8E8D1B0049FF1B /* Build configuration list for PBXProject "TravisSSLTest" */;
			compatibilityVersion = "Xcode 3.2";
			developmentRegion = English;
			hasScannedForEncodings = 0;
			knownRegions = (
				en,
				Base,
			);
			mainGroup = 8CA4B2941C8E8D1B0049FF1B;
			productRefGroup = 8CA4B29E1C8E8D1B0049FF1B /* Products */;
			projectDirPath = "";
			projectRoot = "";
			targets = (
				8CA4B29C1C8E8D1B0049FF1B /* TravisSSLTest */,
				8CA4B2B01C8E8D1B0049FF1B /* TravisSSLTestTests */,
			);
		};
/* End PBXProject section */

/* Begin PBXResourcesBuildPhase section */
		8CA4B29B1C8E8D1B0049FF1B /* Resources */ = {
			isa = PBXResourcesBuildPhase;
			buildActionMask = 2147483647;
			files = (
				8CA4B2AB1C8E8D1B0049FF1B /* LaunchScreen.storyboard in Resources */,
				8CA4B2A81C8E8D1B0049FF1B /* Assets.xcassets in Resources */,
				8CA4B2A61C8E8D1B0049FF1B /* Main.storyboard in Resources */,
			);
			runOnlyForDeploymentPostprocessing = 0;
		};
		8CA4B2AF1C8E8D1B0049FF1B /* Resources */ = {
			isa = PBXResourcesBuildPhase;
			buildActionMask = 2147483647;
			files = (
			);
			runOnlyForDeploymentPostprocessing = 0;
		};
/* End PBXResourcesBuildPhase section */

/* Begin PBXSourcesBuildPhase section */
		8CA4B2991C8E8D1B0049FF1B /* Sources */ = {
			isa = PBXSourcesBuildPhase;
			buildActionMask = 2147483647;
			files = (
				8CA4B2A31C8E8D1B0049FF1B /* ViewController.swift in Sources */,
				8CA4B2A11C8E8D1B0049FF1B /* AppDelegate.swift in Sources */,
			);
			runOnlyForDeploymentPostprocessing = 0;
		};
		8CA4B2AD1C8E8D1B0049FF1B /* Sources */ = {
			isa = PBXSourcesBuildPhase;
			buildActionMask = 2147483647;
			files = (
				8CA4B2B61C8E8D1B0049FF1B /* TravisSSLTestTests.swift in Sources */,
			);
			runOnlyForDeploymentPostprocessing = 0;
		};
/* End PBXSourcesBuildPhase section */

/* Begin PBXTargetDependency section */
		8CA4B2B31C8E8D1B0049FF1B /* PBXTargetDependency */ = {
			isa = PBXTargetDependency;
			target = 8CA4B29C1C8E8D1B0049FF1B /* TravisSSLTest */;
			targetProxy = 8CA4B2B21C8E8D1B0049FF1B /* PBXContainerItemProxy */;
		};
/* End PBXTargetDependency section */

/* Begin PBXVariantGroup section */
		8CA4B2A41C8E8D1B0049FF1B /* Main.storyboard */ = {
			isa = PBXVariantGroup;
			children = (
				8CA4B2A51C8E8D1B0049FF1B /* Base */,
			);
			name = Main.storyboard;
			sourceTree = "<group>";
		};
		8CA4B2A91C8E8D1B0049FF1B /* LaunchScreen.storyboard */ = {
			isa = PBXVariantGroup;
			children = (
				8CA4B2AA1C8E8D1B0049FF1B /* Base */,
			);
			name = LaunchScreen.storyboard;
			sourceTree = "<group>";
		};
/* End PBXVariantGroup section */

/* Begin XCBuildConfiguration section */
		8CA4B2B81C8E8D1B0049FF1B /* Debug */ = {
			isa = XCBuildConfiguration;
			buildSettings = {
				ALWAYS_SEARCH_USER_PATHS = NO;
				CLANG_CXX_LANGUAGE_STANDARD = "gnu++0x";
				CLANG_CXX_LIBRARY = "libc++";
				CLANG_ENABLE_MODULES = YES;
				CLANG_ENABLE_OBJC_ARC = YES;
				CLANG_WARN_BOOL_CONVERSION = YES;
				CLANG_WARN_CONSTANT_CONVERSION = YES;
				CLANG_WARN_DIRECT_OBJC_ISA_USAGE = YES_ERROR;
				CLANG_WARN_EMPTY_BODY = YES;
				CLANG_WARN_ENUM_CONVERSION = YES;
				CLANG_WARN_INT_CONVERSION = YES;
				CLANG_WARN_OBJC_ROOT_CLASS = YES_ERROR;
				CLANG_WARN_UNREACHABLE_CODE = YES;
				CLANG_WARN__DUPLICATE_METHOD_MATCH = YES;
				"CODE_SIGN_IDENTITY[sdk=iphoneos*]" = "iPhone Developer";
				COPY_PHASE_STRIP = NO;
				DEBUG_INFORMATION_FORMAT = dwarf;
				ENABLE_STRICT_OBJC_MSGSEND = YES;
				ENABLE_TESTABILITY = YES;
				GCC_C_LANGUAGE_STANDARD = gnu99;
				GCC_DYNAMIC_NO_PIC = NO;
				GCC_NO_COMMON_BLOCKS = YES;
				GCC_OPTIMIZATION_LEVEL = 0;
				GCC_PREPROCESSOR_DEFINITIONS = (
					"DEBUG=1",
					"$(inherited)",
				);
				GCC_WARN_64_TO_32_BIT_CONVERSION = YES;
				GCC_WARN_ABOUT_RETURN_TYPE = YES_ERROR;
				GCC_WARN_UNDECLARED_SELECTOR = YES;
				GCC_WARN_UNINITIALIZED_AUTOS = YES_AGGRESSIVE;
				GCC_WARN_UNUSED_FUNCTION = YES;
				GCC_WARN_UNUSED_VARIABLE = YES;
				IPHONEOS_DEPLOYMENT_TARGET = 9.2;
				MTL_ENABLE_DEBUG_INFO = YES;
				ONLY_ACTIVE_ARCH = YES;
				SDKROOT = iphoneos;
				SWIFT_OPTIMIZATION_LEVEL = "-Onone";
				TARGETED_DEVICE_FAMILY = "1,2";
			};
			name = Debug;
		};
		8CA4B2B91C8E8D1B0049FF1B /* Release */ = {
			isa = XCBuildConfiguration;
			buildSettings = {
				ALWAYS_SEARCH_USER_PATHS = NO;
				CLANG_CXX_LANGUAGE_STANDARD = "gnu++0x";
				CLANG_CXX_LIBRARY = "libc++";
				CLANG_ENABLE_MODULES = YES;
				CLANG_ENABLE_OBJC_ARC = YES;
				CLANG_WARN_BOOL_CONVERSION = YES;
				CLANG_WARN_CONSTANT_CONVERSION = YES;
				CLANG_WARN_DIRECT_OBJC_ISA_USAGE = YES_ERROR;
				CLANG_WARN_EMPTY_BODY = YES;
				CLANG_WARN_ENUM_CONVERSION = YES;
				CLANG_WARN_INT_CONVERSION = YES;
				CLANG_WARN_OBJC_ROOT_CLASS = YES_ERROR;
				CLANG_WARN_UNREACHABLE_CODE = YES;
				CLANG_WARN__DUPLICATE_METHOD_MATCH = YES;
				"CODE_SIGN_IDENTITY[sdk=iphoneos*]" = "iPhone Developer";
				COPY_PHASE_STRIP = NO;
				DEBUG_INFORMATION_FORMAT = "dwarf-with-dsym";
				ENABLE_NS_ASSERTIONS = NO;
				ENABLE_STRICT_OBJC_MSGSEND = YES;
				GCC_C_LANGUAGE_STANDARD = gnu99;
				GCC_NO_COMMON_BLOCKS = YES;
				GCC_WARN_64_TO_32_BIT_CONVERSION = YES;
				GCC_WARN_ABOUT_RETURN_TYPE = YES_ERROR;
				GCC_WARN_UNDECLARED_SELECTOR = YES;
				GCC_WARN_UNINITIALIZED_AUTOS = YES_AGGRESSIVE;
				GCC_WARN_UNUSED_FUNCTION = YES;
				GCC_WARN_UNUSED_VARIABLE = YES;
				IPHONEOS_DEPLOYMENT_TARGET = 9.2;
				MTL_ENABLE_DEBUG_INFO = NO;
				SDKROOT = iphoneos;
				TARGETED_DEVICE_FAMILY = "1,2";
				VALIDATE_PRODUCT = YES;
			};
			name = Release;
		};
		8CA4B2BB1C8E8D1B0049FF1B /* Debug */ = {
			isa = XCBuildConfiguration;
			buildSettings = {
				ASSETCATALOG_COMPILER_APPICON_NAME = AppIcon;
				INFOPLIST_FILE = TravisSSLTest/Info.plist;
				LD_RUNPATH_SEARCH_PATHS = "$(inherited) @executable_path/Frameworks";
				PRODUCT_BUNDLE_IDENTIFIER = com.mycompany.TravisSSLTest;
				PRODUCT_NAME = "$(TARGET_NAME)";
			};
			name = Debug;
		};
		8CA4B2BC1C8E8D1B0049FF1B /* Release */ = {
			isa = XCBuildConfiguration;
			buildSettings = {
				ASSETCATALOG_COMPILER_APPICON_NAME = AppIcon;
				INFOPLIST_FILE = TravisSSLTest/Info.plist;
				LD_RUNPATH_SEARCH_PATHS = "$(inherited) @executable_path/Frameworks";
				PRODUCT_BUNDLE_IDENTIFIER = com.mycompany.TravisSSLTest;
				PRODUCT_NAME = "$(TARGET_NAME)";
			};
			name = Release;
		};
		8CA4B2BE1C8E8D1B0049FF1B /* Debug */ = {
			isa = XCBuildConfiguration;
			buildSettings = {
				BUNDLE_LOADER = "$(TEST_HOST)";
				INFOPLIST_FILE = TravisSSLTestTests/Info.plist;
				LD_RUNPATH_SEARCH_PATHS = "$(inherited) @executable_path/Frameworks @loader_path/Frameworks";
				PRODUCT_BUNDLE_IDENTIFIER = com.mycompany.TravisSSLTestTests;
				PRODUCT_NAME = "$(TARGET_NAME)";
				TEST_HOST = "$(BUILT_PRODUCTS_DIR)/TravisSSLTest.app/TravisSSLTest";
			};
			name = Debug;
		};
		8CA4B2BF1C8E8D1B0049FF1B /* Release */ = {
			isa = XCBuildConfiguration;
			buildSettings = {
				BUNDLE_LOADER = "$(TEST_HOST)";
				INFOPLIST_FILE = TravisSSLTestTests/Info.plist;
				LD_RUNPATH_SEARCH_PATHS = "$(inherited) @executable_path/Frameworks @loader_path/Frameworks";
				PRODUCT_BUNDLE_IDENTIFIER = com.mycompany.TravisSSLTestTests;
				PRODUCT_NAME = "$(TARGET_NAME)";
				TEST_HOST = "$(BUILT_PRODUCTS_DIR)/TravisSSLTest.app/TravisSSLTest";
			};
			name = Release;
		};
/* End XCBuildConfiguration section */

/* Begin XCConfigurationList section */
		8CA4B2981C8E8D1B0049FF1B /* Build configuration list for PBXProject "TravisSSLTest" */ = {
			isa = XCConfigurationList;
			buildConfigurations = (
				8CA4B2B81C8E8D1B0049FF1B /* Debug */,
				8CA4B2B91C8E8D1B0049FF1B /* Release */,
			);
			defaultConfigurationIsVisible = 0;
			defaultConfigurationName = Release;
		};
		8CA4B2BA1C8E8D1B0049FF1B /* Build configuration list for PBXNativeTarget "TravisSSLTest" */ = {
			isa = XCConfigurationList;
			buildConfigurations = (
				8CA4B2BB1C8E8D1B0049FF1B /* Debug */,
				8CA4B2BC1C8E8D1B0049FF1B /* Release */,
			);
			defaultConfigurationIsVisible = 0;
		};
		8CA4B2BD1C8E8D1B0049FF1B /* Build configuration list for PBXNativeTarget "TravisSSLTestTests" */ = {
			isa = XCConfigurationList;
			buildConfigurations = (
				8CA4B2BE1C8E8D1B0049FF1B /* Debug */,
				8CA4B2BF1C8E8D1B0049FF1B /* Release */,
			);
			defaultConfigurationIsVisible = 0;
		};
/* End XCConfigurationList section */
	};
	rootObject = 8CA4B2951C8E8D1B0049FF1B /* Project object */;
}
